
Microsoft Visual Studio Solution File, Format Version 12.00
# Visual Studio Version 17
VisualStudioVersion = 17.1.32210.238
MinimumVisualStudioVersion = 10.0.40219.1
Project("{FAE04EC0-301F-11D3-BF4B-00C04F79EFBC}") = "lab9", "lab9\lab9.csproj", "{0867A3A3-59F1-45F5-87F7-C3EF3171BF0E}"
EndProject
Global
	GlobalSection(SolutionConfigurationPlatforms) = preSolution
		Debug|Any CPU = Debug|Any CPU
		Release|Any CPU = Release|Any CPU
	EndGlobalSection
	GlobalSection(ProjectConfigurationPlatforms) = postSolution
		{0867A3A3-59F1-45F5-87F7-C3EF3171BF0E}.Debug|Any CPU.ActiveCfg = Debug|Any CPU
		{0867A3A3-59F1-45F5-87F7-C3EF3171BF0E}.Debug|Any CPU.Build.0 = Debug|Any CPU
		{0867A3A3-59F1-45F5-87F7-C3EF3171BF0E}.Release|Any CPU.ActiveCfg = Release|Any CPU
		{0867A3A3-59F1-45F5-87F7-C3EF3171BF0E}.Release|Any CPU.Build.0 = Release|Any CPU
	EndGlobalSection
	GlobalSection(SolutionProperties) = preSolution
		HideSolutionNode = FALSE
	EndGlobalSection
	GlobalSection(ExtensibilityGlobals) = postSolution
		SolutionGuid = {F13092CB-2C7B-4DF8-8995-3810F257EECA}
	EndGlobalSection
EndGlobal
